
Microsoft Visual Studio Solution File, Format Version 10.00
# Visual C# Express 2008
Project("{FAE04EC0-301F-11D3-BF4B-00C04F79EFBC}") = "WiFiSnarler", "WiFiSnarler\WiFiSnarler.csproj", "{26DCACFD-440B-4852-BBCD-80E9B9673C68}"
EndProject
Project("{FAE04EC0-301F-11D3-BF4B-00C04F79EFBC}") = "ManagedWifi", "managedwifi-1.1\ManagedWifi.csproj", "{6AA425C9-EA6A-4B01-AAED-5FF122E8B663}"
EndProject
Global
	GlobalSection(SolutionConfigurationPlatforms) = preSolution
		Debug|Any CPU = Debug|Any CPU
		Release|Any CPU = Release|Any CPU
	EndGlobalSection
	GlobalSection(ProjectConfigurationPlatforms) = postSolution
		{26DCACFD-440B-4852-BBCD-80E9B9673C68}.Debug|Any CPU.ActiveCfg = Debug|Any CPU
		{26DCACFD-440B-4852-BBCD-80E9B9673C68}.Debug|Any CPU.Build.0 = Debug|Any CPU
		{26DCACFD-440B-4852-BBCD-80E9B9673C68}.Release|Any CPU.ActiveCfg = Release|Any CPU
		{26DCACFD-440B-4852-BBCD-80E9B9673C68}.Release|Any CPU.Build.0 = Release|Any CPU
		{6AA425C9-EA6A-4B01-AAED-5FF122E8B663}.Debug|Any CPU.ActiveCfg = Debug|Any CPU
		{6AA425C9-EA6A-4B01-AAED-5FF122E8B663}.Debug|Any CPU.Build.0 = Debug|Any CPU
		{6AA425C9-EA6A-4B01-AAED-5FF122E8B663}.Release|Any CPU.ActiveCfg = Release|Any CPU
		{6AA425C9-EA6A-4B01-AAED-5FF122E8B663}.Release|Any CPU.Build.0 = Release|Any CPU
	EndGlobalSection
	GlobalSection(SolutionProperties) = preSolution
		HideSolutionNode = FALSE
	EndGlobalSection
EndGlobal
